<Solution>
  <Project Path="Assembly-CSharp.csproj" />
  <Project Path="SimpleInput.Runtime.csproj" />
  <Project Path="sc.terrain.painter.editor.csproj" />
  <Project Path="Assembly-CSharp-Editor.csproj" />
  <Project Path="sc.terrain.painter.runtime.csproj" />
  <Project Path="SimpleInput.Editor.csproj" />
</Solution>
